// !$*UTF8*$!
{
	archiveVersion = 1;
	classes = {
	};
	objectVersion = 50;
	objects = {

/* Begin PBXBuildFile section */
		042E36F321EF0B06002A5814 /* AppDelegate.m in Sources */ = {isa = PBXBuildFile; fileRef = 042E36F221EF0B06002A5814 /* AppDelegate.m */; };
		042E36F621EF0B06002A5814 /* ViewController.m in Sources */ = {isa = PBXBuildFile; fileRef = 042E36F521EF0B06002A5814 /* ViewController.m */; };
		042E36F921EF0B06002A5814 /* Main.storyboard in Resources */ = {isa = PBXBuildFile; fileRef = 042E36F721EF0B06002A5814 /* Main.storyboard */; };
		042E36FB21EF0B09002A5814 /* Assets.xcassets in Resources */ = {isa = PBXBuildFile; fileRef = 042E36FA21EF0B09002A5814 /* Assets.xcassets */; };
		042E36FE21EF0B09002A5814 /* LaunchScreen.storyboard in Resources */ = {isa = PBXBuildFile; fileRef = 042E36FC21EF0B09002A5814 /* LaunchScreen.storyboard */; };
		042E370121EF0B09002A5814 /* main.m in Sources */ = {isa = PBXBuildFile; fileRef = 042E370021EF0B09002A5814 /* main.m */; };
		042E372521EF1112002A5814 /* NSDictionary+FQSafeAccess.m in Sources */ = {isa = PBXBuildFile; fileRef = 042E371C21EF1112002A5814 /* NSDictionary+FQSafeAccess.m */; };
		042E372621EF1112002A5814 /* NSString+FQStringCategory.m in Sources */ = {isa = PBXBuildFile; fileRef = 042E371E21EF1112002A5814 /* NSString+FQStringCategory.m */; };
		042E372721EF1112002A5814 /* UIView+FQFrameCategory.m in Sources */ = {isa = PBXBuildFile; fileRef = 042E372321EF1112002A5814 /* UIView+FQFrameCategory.m */; };
		042E372A21EF1234002A5814 /* NSArray+FQErrorHandle.m in Sources */ = {isa = PBXBuildFile; fileRef = 042E372921EF1234002A5814 /* NSArray+FQErrorHandle.m */; };
		042E372D21EF12C9002A5814 /* UIBarButtonItem+FQBarButtonItemCategory.m in Sources */ = {isa = PBXBuildFile; fileRef = 042E372C21EF12C9002A5814 /* UIBarButtonItem+FQBarButtonItemCategory.m */; };
		042E373321EF1470002A5814 /* NSBundle+FQAppIcon.m in Sources */ = {isa = PBXBuildFile; fileRef = 042E373221EF1470002A5814 /* NSBundle+FQAppIcon.m */; };
		042E373621EF1578002A5814 /* UIView+FQToast.m in Sources */ = {isa = PBXBuildFile; fileRef = 042E373521EF1578002A5814 /* UIView+FQToast.m */; };
		042E373921EF17B3002A5814 /* UIView+FQConstraints.m in Sources */ = {isa = PBXBuildFile; fileRef = 042E373821EF17B3002A5814 /* UIView+FQConstraints.m */; };
		042E373C21EF1869002A5814 /* UIBarButtonItem+FQBarButtonBadge.m in Sources */ = {isa = PBXBuildFile; fileRef = 042E373B21EF1869002A5814 /* UIBarButtonItem+FQBarButtonBadge.m */; };
		042E373F21EF1975002A5814 /* FQBaseTool.m in Sources */ = {isa = PBXBuildFile; fileRef = 042E373E21EF1975002A5814 /* FQBaseTool.m */; };
/* End PBXBuildFile section */

/* Begin PBXFileReference section */
		042E36EE21EF0B06002A5814 /* FQBaseKit.app */ = {isa = PBXFileReference; explicitFileType = wrapper.application; includeInIndex = 0; path = FQBaseKit.app; sourceTree = BUILT_PRODUCTS_DIR; };
		042E36F121EF0B06002A5814 /* AppDelegate.h */ = {isa = PBXFileReference; lastKnownFileType = sourcecode.c.h; path = AppDelegate.h; sourceTree = "<group>"; };
		042E36F221EF0B06002A5814 /* AppDelegate.m */ = {isa = PBXFileReference; lastKnownFileType = sourcecode.c.objc; path = AppDelegate.m; sourceTree = "<group>"; };
		042E36F421EF0B06002A5814 /* ViewController.h */ = {isa = PBXFileReference; lastKnownFileType = sourcecode.c.h; path = ViewController.h; sourceTree = "<group>"; };
		042E36F521EF0B06002A5814 /* ViewController.m */ = {isa = PBXFileReference; lastKnownFileType = sourcecode.c.objc; path = ViewController.m; sourceTree = "<group>"; };
		042E36F821EF0B06002A5814 /* Base */ = {isa = PBXFileReference; lastKnownFileType = file.storyboard; name = Base; path = Base.lproj/Main.storyboard; sourceTree = "<group>"; };
		042E36FA21EF0B09002A5814 /* Assets.xcassets */ = {isa = PBXFileReference; lastKnownFileType = folder.assetcatalog; path = Assets.xcassets; sourceTree = "<group>"; };
		042E36FD21EF0B09002A5814 /* Base */ = {isa = PBXFileReference; lastKnownFileType = file.storyboard; name = Base; path = Base.lproj/LaunchScreen.storyboard; sourceTree = "<group>"; };
		042E36FF21EF0B09002A5814 /* Info.plist */ = {isa = PBXFileReference; lastKnownFileType = text.plist.xml; path = Info.plist; sourceTree = "<group>"; };
		042E370021EF0B09002A5814 /* main.m */ = {isa = PBXFileReference; lastKnownFileType = sourcecode.c.objc; path = main.m; sourceTree = "<group>"; };
		042E371B21EF1112002A5814 /* NSDictionary+FQSafeAccess.h */ = {isa = PBXFileReference; fileEncoding = 4; lastKnownFileType = sourcecode.c.h; path = "NSDictionary+FQSafeAccess.h"; sourceTree = "<group>"; };
		042E371C21EF1112002A5814 /* NSDictionary+FQSafeAccess.m */ = {isa = PBXFileReference; fileEncoding = 4; lastKnownFileType = sourcecode.c.objc; path = "NSDictionary+FQSafeAccess.m"; sourceTree = "<group>"; };
		042E371D21EF1112002A5814 /* NSString+FQStringCategory.h */ = {isa = PBXFileReference; fileEncoding = 4; lastKnownFileType = sourcecode.c.h; path = "NSString+FQStringCategory.h"; sourceTree = "<group>"; };
		042E371E21EF1112002A5814 /* NSString+FQStringCategory.m */ = {isa = PBXFileReference; fileEncoding = 4; lastKnownFileType = sourcecode.c.objc; path = "NSString+FQStringCategory.m"; sourceTree = "<group>"; };
		042E372221EF1112002A5814 /* UIView+FQFrameCategory.h */ = {isa = PBXFileReference; fileEncoding = 4; lastKnownFileType = sourcecode.c.h; path = "UIView+FQFrameCategory.h"; sourceTree = "<group>"; };
		042E372321EF1112002A5814 /* UIView+FQFrameCategory.m */ = {isa = PBXFileReference; fileEncoding = 4; lastKnownFileType = sourcecode.c.objc; path = "UIView+FQFrameCategory.m"; sourceTree = "<group>"; };
		042E372821EF1234002A5814 /* NSArray+FQErrorHandle.h */ = {isa = PBXFileReference; lastKnownFileType = sourcecode.c.h; path = "NSArray+FQErrorHandle.h"; sourceTree = "<group>"; };
		042E372921EF1234002A5814 /* NSArray+FQErrorHandle.m */ = {isa = PBXFileReference; lastKnownFileType = sourcecode.c.objc; path = "NSArray+FQErrorHandle.m"; sourceTree = "<group>"; };
		042E372B21EF12C9002A5814 /* UIBarButtonItem+FQBarButtonItemCategory.h */ = {isa = PBXFileReference; lastKnownFileType = sourcecode.c.h; path = "UIBarButtonItem+FQBarButtonItemCategory.h"; sourceTree = "<group>"; };
		042E372C21EF12C9002A5814 /* UIBarButtonItem+FQBarButtonItemCategory.m */ = {isa = PBXFileReference; lastKnownFileType = sourcecode.c.objc; path = "UIBarButtonItem+FQBarButtonItemCategory.m"; sourceTree = "<group>"; };
		042E372F21EF137C002A5814 /* FQBaseUIKit.h */ = {isa = PBXFileReference; lastKnownFileType = sourcecode.c.h; path = FQBaseUIKit.h; sourceTree = "<group>"; };
		042E373021EF13B0002A5814 /* FQBaseFoundation.h */ = {isa = PBXFileReference; lastKnownFileType = sourcecode.c.h; path = FQBaseFoundation.h; sourceTree = "<group>"; };
		042E373121EF1470002A5814 /* NSBundle+FQAppIcon.h */ = {isa = PBXFileReference; lastKnownFileType = sourcecode.c.h; path = "NSBundle+FQAppIcon.h"; sourceTree = "<group>"; };
		042E373221EF1470002A5814 /* NSBundle+FQAppIcon.m */ = {isa = PBXFileReference; lastKnownFileType = sourcecode.c.objc; path = "NSBundle+FQAppIcon.m"; sourceTree = "<group>"; };
		042E373421EF1578002A5814 /* UIView+FQToast.h */ = {isa = PBXFileReference; lastKnownFileType = sourcecode.c.h; path = "UIView+FQToast.h"; sourceTree = "<group>"; };
		042E373521EF1578002A5814 /* UIView+FQToast.m */ = {isa = PBXFileReference; lastKnownFileType = sourcecode.c.objc; path = "UIView+FQToast.m"; sourceTree = "<group>"; };
		042E373721EF17B3002A5814 /* UIView+FQConstraints.h */ = {isa = PBXFileReference; lastKnownFileType = sourcecode.c.h; path = "UIView+FQConstraints.h"; sourceTree = "<group>"; };
		042E373821EF17B3002A5814 /* UIView+FQConstraints.m */ = {isa = PBXFileReference; lastKnownFileType = sourcecode.c.objc; path = "UIView+FQConstraints.m"; sourceTree = "<group>"; };
		042E373A21EF1869002A5814 /* UIBarButtonItem+FQBarButtonBadge.h */ = {isa = PBXFileReference; lastKnownFileType = sourcecode.c.h; path = "UIBarButtonItem+FQBarButtonBadge.h"; sourceTree = "<group>"; };
		042E373B21EF1869002A5814 /* UIBarButtonItem+FQBarButtonBadge.m */ = {isa = PBXFileReference; lastKnownFileType = sourcecode.c.objc; path = "UIBarButtonItem+FQBarButtonBadge.m"; sourceTree = "<group>"; };
		042E373D21EF1975002A5814 /* FQBaseTool.h */ = {isa = PBXFileReference; lastKnownFileType = sourcecode.c.h; path = FQBaseTool.h; sourceTree = "<group>"; };
		042E373E21EF1975002A5814 /* FQBaseTool.m */ = {isa = PBXFileReference; lastKnownFileType = sourcecode.c.objc; path = FQBaseTool.m; sourceTree = "<group>"; };
		042E374021EF1CF7002A5814 /* FQBaseHeader.h */ = {isa = PBXFileReference; lastKnownFileType = sourcecode.c.h; path = FQBaseHeader.h; sourceTree = "<group>"; };
		042E374121EF1D50002A5814 /* FQBaseQuartzCore.h */ = {isa = PBXFileReference; lastKnownFileType = sourcecode.c.h; path = FQBaseQuartzCore.h; sourceTree = "<group>"; };
		042E374221EF1D61002A5814 /* FQBaseUtil.h */ = {isa = PBXFileReference; lastKnownFileType = sourcecode.c.h; path = FQBaseUtil.h; sourceTree = "<group>"; };
/* End PBXFileReference section */

/* Begin PBXFrameworksBuildPhase section */
		042E36EB21EF0B06002A5814 /* Frameworks */ = {
			isa = PBXFrameworksBuildPhase;
			buildActionMask = 2147483647;
			files = (
			);
			runOnlyForDeploymentPostprocessing = 0;
		};
/* End PBXFrameworksBuildPhase section */

/* Begin PBXGroup section */
		042E36E521EF0B06002A5814 = {
			isa = PBXGroup;
			children = (
				042E371921EF1112002A5814 /* FQBase */,
				042E36F021EF0B06002A5814 /* FQBaseKit */,
				042E36EF21EF0B06002A5814 /* Products */,
			);
			sourceTree = "<group>";
		};
		042E36EF21EF0B06002A5814 /* Products */ = {
			isa = PBXGroup;
			children = (
				042E36EE21EF0B06002A5814 /* FQBaseKit.app */,
			);
			name = Products;
			sourceTree = "<group>";
		};
		042E36F021EF0B06002A5814 /* FQBaseKit */ = {
			isa = PBXGroup;
			children = (
				042E36F121EF0B06002A5814 /* AppDelegate.h */,
				042E36F221EF0B06002A5814 /* AppDelegate.m */,
				042E36F421EF0B06002A5814 /* ViewController.h */,
				042E36F521EF0B06002A5814 /* ViewController.m */,
				042E36F721EF0B06002A5814 /* Main.storyboard */,
				042E36FA21EF0B09002A5814 /* Assets.xcassets */,
				042E36FC21EF0B09002A5814 /* LaunchScreen.storyboard */,
				042E36FF21EF0B09002A5814 /* Info.plist */,
				042E370021EF0B09002A5814 /* main.m */,
			);
			path = FQBaseKit;
			sourceTree = "<group>";
		};
		042E371921EF1112002A5814 /* FQBase */ = {
			isa = PBXGroup;
			children = (
				042E374021EF1CF7002A5814 /* FQBaseHeader.h */,
				042E372E21EF132B002A5814 /* FQBaseQuartzCore */,
				042E371A21EF1112002A5814 /* FQBaseFoundation */,
				042E371F21EF1112002A5814 /* FQBaseHelper */,
				042E372021EF1112002A5814 /* FQBaseTool */,
				042E372121EF1112002A5814 /* FQBaseUIKit */,
				042E372421EF1112002A5814 /* FQBaseUtil */,
			);
			path = FQBase;
			sourceTree = "<group>";
		};
		042E371A21EF1112002A5814 /* FQBaseFoundation */ = {
			isa = PBXGroup;
			children = (
				042E373021EF13B0002A5814 /* FQBaseFoundation.h */,
				042E371B21EF1112002A5814 /* NSDictionary+FQSafeAccess.h */,
				042E371C21EF1112002A5814 /* NSDictionary+FQSafeAccess.m */,
				042E371D21EF1112002A5814 /* NSString+FQStringCategory.h */,
				042E371E21EF1112002A5814 /* NSString+FQStringCategory.m */,
				042E372821EF1234002A5814 /* NSArray+FQErrorHandle.h */,
				042E372921EF1234002A5814 /* NSArray+FQErrorHandle.m */,
				042E373121EF1470002A5814 /* NSBundle+FQAppIcon.h */,
				042E373221EF1470002A5814 /* NSBundle+FQAppIcon.m */,
			);
			path = FQBaseFoundation;
			sourceTree = "<group>";
		};
		042E371F21EF1112002A5814 /* FQBaseHelper */ = {
			isa = PBXGroup;
			children = (
			);
			path = FQBaseHelper;
			sourceTree = "<group>";
		};
		042E372021EF1112002A5814 /* FQBaseTool */ = {
			isa = PBXGroup;
			children = (
				042E373D21EF1975002A5814 /* FQBaseTool.h */,
				042E373E21EF1975002A5814 /* FQBaseTool.m */,
			);
			path = FQBaseTool;
			sourceTree = "<group>";
		};
		042E372121EF1112002A5814 /* FQBaseUIKit */ = {
			isa = PBXGroup;
			children = (
				042E372F21EF137C002A5814 /* FQBaseUIKit.h */,
				042E372221EF1112002A5814 /* UIView+FQFrameCategory.h */,
				042E372321EF1112002A5814 /* UIView+FQFrameCategory.m */,
				042E373421EF1578002A5814 /* UIView+FQToast.h */,
				042E373521EF1578002A5814 /* UIView+FQToast.m */,
				042E373721EF17B3002A5814 /* UIView+FQConstraints.h */,
				042E373821EF17B3002A5814 /* UIView+FQConstraints.m */,
				042E372B21EF12C9002A5814 /* UIBarButtonItem+FQBarButtonItemCategory.h */,
				042E372C21EF12C9002A5814 /* UIBarButtonItem+FQBarButtonItemCategory.m */,
				042E373A21EF1869002A5814 /* UIBarButtonItem+FQBarButtonBadge.h */,
				042E373B21EF1869002A5814 /* UIBarButtonItem+FQBarButtonBadge.m */,
			);
			path = FQBaseUIKit;
			sourceTree = "<group>";
		};
		042E372421EF1112002A5814 /* FQBaseUtil */ = {
			isa = PBXGroup;
			children = (
				042E374221EF1D61002A5814 /* FQBaseUtil.h */,
			);
			path = FQBaseUtil;
			sourceTree = "<group>";
		};
		042E372E21EF132B002A5814 /* FQBaseQuartzCore */ = {
			isa = PBXGroup;
			children = (
				042E374121EF1D50002A5814 /* FQBaseQuartzCore.h */,
			);
			path = FQBaseQuartzCore;
			sourceTree = "<group>";
		};
/* End PBXGroup section */

/* Begin PBXNativeTarget section */
		042E36ED21EF0B06002A5814 /* FQBaseKit */ = {
			isa = PBXNativeTarget;
			buildConfigurationList = 042E370421EF0B09002A5814 /* Build configuration list for PBXNativeTarget "FQBaseKit" */;
			buildPhases = (
				042E36EA21EF0B06002A5814 /* Sources */,
				042E36EB21EF0B06002A5814 /* Frameworks */,
				042E36EC21EF0B06002A5814 /* Resources */,
			);
			buildRules = (
			);
			dependencies = (
			);
			name = FQBaseKit;
			productName = FQBaseKit;
			productReference = 042E36EE21EF0B06002A5814 /* FQBaseKit.app */;
			productType = "com.apple.product-type.application";
		};
/* End PBXNativeTarget section */

/* Begin PBXProject section */
		042E36E621EF0B06002A5814 /* Project object */ = {
			isa = PBXProject;
			attributes = {
				LastUpgradeCheck = 1010;
				ORGANIZATIONNAME = mac;
				TargetAttributes = {
					042E36ED21EF0B06002A5814 = {
						CreatedOnToolsVersion = 10.1;
					};
				};
			};
			buildConfigurationList = 042E36E921EF0B06002A5814 /* Build configuration list for PBXProject "FQBaseKit" */;
			compatibilityVersion = "Xcode 9.3";
			developmentRegion = en;
			hasScannedForEncodings = 0;
			knownRegions = (
				en,
				Base,
			);
			mainGroup = 042E36E521EF0B06002A5814;
			productRefGroup = 042E36EF21EF0B06002A5814 /* Products */;
			projectDirPath = "";
			projectRoot = "";
			targets = (
				042E36ED21EF0B06002A5814 /* FQBaseKit */,
			);
		};
/* End PBXProject section */

/* Begin PBXResourcesBuildPhase section */
		042E36EC21EF0B06002A5814 /* Resources */ = {
			isa = PBXResourcesBuildPhase;
			buildActionMask = 2147483647;
			files = (
				042E36FE21EF0B09002A5814 /* LaunchScreen.storyboard in Resources */,
				042E36FB21EF0B09002A5814 /* Assets.xcassets in Resources */,
				042E36F921EF0B06002A5814 /* Main.storyboard in Resources */,
			);
			runOnlyForDeploymentPostprocessing = 0;
		};
/* End PBXResourcesBuildPhase section */

/* Begin PBXSourcesBuildPhase section */
		042E36EA21EF0B06002A5814 /* Sources */ = {
			isa = PBXSourcesBuildPhase;
			buildActionMask = 2147483647;
			files = (
				042E372A21EF1234002A5814 /* NSArray+FQErrorHandle.m in Sources */,
				042E373621EF1578002A5814 /* UIView+FQToast.m in Sources */,
				042E372521EF1112002A5814 /* NSDictionary+FQSafeAccess.m in Sources */,
				042E373321EF1470002A5814 /* NSBundle+FQAppIcon.m in Sources */,
				042E372D21EF12C9002A5814 /* UIBarButtonItem+FQBarButtonItemCategory.m in Sources */,
				042E36F621EF0B06002A5814 /* ViewController.m in Sources */,
				042E372621EF1112002A5814 /* NSString+FQStringCategory.m in Sources */,
				042E373F21EF1975002A5814 /* FQBaseTool.m in Sources */,
				042E373921EF17B3002A5814 /* UIView+FQConstraints.m in Sources */,
				042E370121EF0B09002A5814 /* main.m in Sources */,
				042E373C21EF1869002A5814 /* UIBarButtonItem+FQBarButtonBadge.m in Sources */,
				042E36F321EF0B06002A5814 /* AppDelegate.m in Sources */,
				042E372721EF1112002A5814 /* UIView+FQFrameCategory.m in Sources */,
			);
			runOnlyForDeploymentPostprocessing = 0;
		};
/* End PBXSourcesBuildPhase section */

/* Begin PBXVariantGroup section */
		042E36F721EF0B06002A5814 /* Main.storyboard */ = {
			isa = PBXVariantGroup;
			children = (
				042E36F821EF0B06002A5814 /* Base */,
			);
			name = Main.storyboard;
			sourceTree = "<group>";
		};
		042E36FC21EF0B09002A5814 /* LaunchScreen.storyboard */ = {
			isa = PBXVariantGroup;
			children = (
				042E36FD21EF0B09002A5814 /* Base */,
			);
			name = LaunchScreen.storyboard;
			sourceTree = "<group>";
		};
/* End PBXVariantGroup section */

/* Begin XCBuildConfiguration section */
		042E370221EF0B09002A5814 /* Debug */ = {
			isa = XCBuildConfiguration;
			buildSettings = {
				ALWAYS_SEARCH_USER_PATHS = NO;
				CLANG_ANALYZER_NONNULL = YES;
				CLANG_ANALYZER_NUMBER_OBJECT_CONVERSION = YES_AGGRESSIVE;
				CLANG_CXX_LANGUAGE_STANDARD = "gnu++14";
				CLANG_CXX_LIBRARY = "libc++";
				CLANG_ENABLE_MODULES = YES;
				CLANG_ENABLE_OBJC_ARC = YES;
				CLANG_ENABLE_OBJC_WEAK = YES;
				CLANG_WARN_BLOCK_CAPTURE_AUTORELEASING = YES;
				CLANG_WARN_BOOL_CONVERSION = YES;
				CLANG_WARN_COMMA = YES;
				CLANG_WARN_CONSTANT_CONVERSION = YES;
				CLANG_WARN_DEPRECATED_OBJC_IMPLEMENTATIONS = YES;
				CLANG_WARN_DIRECT_OBJC_ISA_USAGE = YES_ERROR;
				CLANG_WARN_DOCUMENTATION_COMMENTS = YES;
				CLANG_WARN_EMPTY_BODY = YES;
				CLANG_WARN_ENUM_CONVERSION = YES;
				CLANG_WARN_INFINITE_RECURSION = YES;
				CLANG_WARN_INT_CONVERSION = YES;
				CLANG_WARN_NON_LITERAL_NULL_CONVERSION = YES;
				CLANG_WARN_OBJC_IMPLICIT_RETAIN_SELF = YES;
				CLANG_WARN_OBJC_LITERAL_CONVERSION = YES;
				CLANG_WARN_OBJC_ROOT_CLASS = YES_ERROR;
				CLANG_WARN_RANGE_LOOP_ANALYSIS = YES;
				CLANG_WARN_STRICT_PROTOTYPES = YES;
				CLANG_WARN_SUSPICIOUS_MOVE = YES;
				CLANG_WARN_UNGUARDED_AVAILABILITY = YES_AGGRESSIVE;
				CLANG_WARN_UNREACHABLE_CODE = YES;
				CLANG_WARN__DUPLICATE_METHOD_MATCH = YES;
				CODE_SIGN_IDENTITY = "iPhone Developer";
				COPY_PHASE_STRIP = NO;
				DEBUG_INFORMATION_FORMAT = dwarf;
				ENABLE_STRICT_OBJC_MSGSEND = YES;
				ENABLE_TESTABILITY = YES;
				GCC_C_LANGUAGE_STANDARD = gnu11;
				GCC_DYNAMIC_NO_PIC = NO;
				GCC_NO_COMMON_BLOCKS = YES;
				GCC_OPTIMIZATION_LEVEL = 0;
				GCC_PREPROCESSOR_DEFINITIONS = (
					"DEBUG=1",
					"$(inherited)",
				);
				GCC_WARN_64_TO_32_BIT_CONVERSION = YES;
				GCC_WARN_ABOUT_RETURN_TYPE = YES_ERROR;
				GCC_WARN_UNDECLARED_SELECTOR = YES;
				GCC_WARN_UNINITIALIZED_AUTOS = YES_AGGRESSIVE;
				GCC_WARN_UNUSED_FUNCTION = YES;
				GCC_WARN_UNUSED_VARIABLE = YES;
				IPHONEOS_DEPLOYMENT_TARGET = 12.1;
				MTL_ENABLE_DEBUG_INFO = INCLUDE_SOURCE;
				MTL_FAST_MATH = YES;
				ONLY_ACTIVE_ARCH = YES;
				SDKROOT = iphoneos;
			};
			name = Debug;
		};
		042E370321EF0B09002A5814 /* Release */ = {
			isa = XCBuildConfiguration;
			buildSettings = {
				ALWAYS_SEARCH_USER_PATHS = NO;
				CLANG_ANALYZER_NONNULL = YES;
				CLANG_ANALYZER_NUMBER_OBJECT_CONVERSION = YES_AGGRESSIVE;
				CLANG_CXX_LANGUAGE_STANDARD = "gnu++14";
				CLANG_CXX_LIBRARY = "libc++";
				CLANG_ENABLE_MODULES = YES;
				CLANG_ENABLE_OBJC_ARC = YES;
				CLANG_ENABLE_OBJC_WEAK = YES;
				CLANG_WARN_BLOCK_CAPTURE_AUTORELEASING = YES;
				CLANG_WARN_BOOL_CONVERSION = YES;
				CLANG_WARN_COMMA = YES;
				CLANG_WARN_CONSTANT_CONVERSION = YES;
				CLANG_WARN_DEPRECATED_OBJC_IMPLEMENTATIONS = YES;
				CLANG_WARN_DIRECT_OBJC_ISA_USAGE = YES_ERROR;
				CLANG_WARN_DOCUMENTATION_COMMENTS = YES;
				CLANG_WARN_EMPTY_BODY = YES;
				CLANG_WARN_ENUM_CONVERSION = YES;
				CLANG_WARN_INFINITE_RECURSION = YES;
				CLANG_WARN_INT_CONVERSION = YES;
				CLANG_WARN_NON_LITERAL_NULL_CONVERSION = YES;
				CLANG_WARN_OBJC_IMPLICIT_RETAIN_SELF = YES;
				CLANG_WARN_OBJC_LITERAL_CONVERSION = YES;
				CLANG_WARN_OBJC_ROOT_CLASS = YES_ERROR;
				CLANG_WARN_RANGE_LOOP_ANALYSIS = YES;
				CLANG_WARN_STRICT_PROTOTYPES = YES;
				CLANG_WARN_SUSPICIOUS_MOVE = YES;
				CLANG_WARN_UNGUARDED_AVAILABILITY = YES_AGGRESSIVE;
				CLANG_WARN_UNREACHABLE_CODE = YES;
				CLANG_WARN__DUPLICATE_METHOD_MATCH = YES;
				CODE_SIGN_IDENTITY = "iPhone Developer";
				COPY_PHASE_STRIP = NO;
				DEBUG_INFORMATION_FORMAT = "dwarf-with-dsym";
				ENABLE_NS_ASSERTIONS = NO;
				ENABLE_STRICT_OBJC_MSGSEND = YES;
				GCC_C_LANGUAGE_STANDARD = gnu11;
				GCC_NO_COMMON_BLOCKS = YES;
				GCC_WARN_64_TO_32_BIT_CONVERSION = YES;
				GCC_WARN_ABOUT_RETURN_TYPE = YES_ERROR;
				GCC_WARN_UNDECLARED_SELECTOR = YES;
				GCC_WARN_UNINITIALIZED_AUTOS = YES_AGGRESSIVE;
				GCC_WARN_UNUSED_FUNCTION = YES;
				GCC_WARN_UNUSED_VARIABLE = YES;
				IPHONEOS_DEPLOYMENT_TARGET = 12.1;
				MTL_ENABLE_DEBUG_INFO = NO;
				MTL_FAST_MATH = YES;
				SDKROOT = iphoneos;
				VALIDATE_PRODUCT = YES;
			};
			name = Release;
		};
		042E370521EF0B09002A5814 /* Debug */ = {
			isa = XCBuildConfiguration;
			buildSettings = {
				ASSETCATALOG_COMPILER_APPICON_NAME = AppIcon;
				CODE_SIGN_STYLE = Automatic;
				DEVELOPMENT_TEAM = BK7D8W6QJ2;
				INFOPLIST_FILE = FQBaseKit/Info.plist;
				IPHONEOS_DEPLOYMENT_TARGET = 8.0;
				LD_RUNPATH_SEARCH_PATHS = (
					"$(inherited)",
					"@executable_path/Frameworks",
				);
				PRODUCT_BUNDLE_IDENTIFIER = com.hdyg.FQBaseKit;
				PRODUCT_NAME = "$(TARGET_NAME)";
				TARGETED_DEVICE_FAMILY = "1,2";
			};
			name = Debug;
		};
		042E370621EF0B09002A5814 /* Release */ = {
			isa = XCBuildConfiguration;
			buildSettings = {
				ASSETCATALOG_COMPILER_APPICON_NAME = AppIcon;
				CODE_SIGN_STYLE = Automatic;
				DEVELOPMENT_TEAM = BK7D8W6QJ2;
				INFOPLIST_FILE = FQBaseKit/Info.plist;
				IPHONEOS_DEPLOYMENT_TARGET = 8.0;
				LD_RUNPATH_SEARCH_PATHS = (
					"$(inherited)",
					"@executable_path/Frameworks",
				);
				PRODUCT_BUNDLE_IDENTIFIER = com.hdyg.FQBaseKit;
				PRODUCT_NAME = "$(TARGET_NAME)";
				TARGETED_DEVICE_FAMILY = "1,2";
			};
			name = Release;
		};
/* End XCBuildConfiguration section */

/* Begin XCConfigurationList section */
		042E36E921EF0B06002A5814 /* Build configuration list for PBXProject "FQBaseKit" */ = {
			isa = XCConfigurationList;
			buildConfigurations = (
				042E370221EF0B09002A5814 /* Debug */,
				042E370321EF0B09002A5814 /* Release */,
			);
			defaultConfigurationIsVisible = 0;
			defaultConfigurationName = Release;
		};
		042E370421EF0B09002A5814 /* Build configuration list for PBXNativeTarget "FQBaseKit" */ = {
			isa = XCConfigurationList;
			buildConfigurations = (
				042E370521EF0B09002A5814 /* Debug */,
				042E370621EF0B09002A5814 /* Release */,
			);
			defaultConfigurationIsVisible = 0;
			defaultConfigurationName = Release;
		};
/* End XCConfigurationList section */
	};
	rootObject = 042E36E621EF0B06002A5814 /* Project object */;
}
